
Microsoft Visual Studio Solution File, Format Version 12.00
# Visual Studio 2012
Project("{FAE04EC0-301F-11D3-BF4B-00C04F79EFBC}") = "AppCenterDemo1.Android", "AppCenterDemo1.Android\AppCenterDemo1.Android.csproj", "{0A6C54FD-F4EC-4854-8593-CFFAB4503ED8}"
EndProject
Project("{FAE04EC0-301F-11D3-BF4B-00C04F79EFBC}") = "AppCenterDemo1.iOS", "AppCenterDemo1.iOS\AppCenterDemo1.iOS.csproj", "{0526B0C2-CFCB-493E-B0E4-D0B9950042F2}"
EndProject
Project("{FAE04EC0-301F-11D3-BF4B-00C04F79EFBC}") = "AppCenterDemo1.UITests", "AppCenterDemo1.UITests\AppCenterDemo1.UITests.csproj", "{B19C892E-2628-4CA7-AD27-08D406A3B14B}"
EndProject
Project("{FAE04EC0-301F-11D3-BF4B-00C04F79EFBC}") = "AppCenterDemo1", "AppCenterDemo1\AppCenterDemo1.csproj", "{B88B5FFE-68BF-4395-AA88-37335DBF5084}"
EndProject
Global
	GlobalSection(SolutionConfigurationPlatforms) = preSolution
		Debug|Any CPU = Debug|Any CPU
		Release|Any CPU = Release|Any CPU
		Debug|iPhoneSimulator = Debug|iPhoneSimulator
		Release|iPhoneSimulator = Release|iPhoneSimulator
		Debug|iPhone = Debug|iPhone
		Release|iPhone = Release|iPhone
		Ad-Hoc|iPhone = Ad-Hoc|iPhone
		AppStore|iPhone = AppStore|iPhone
	EndGlobalSection
	GlobalSection(ProjectConfigurationPlatforms) = postSolution
		{0A6C54FD-F4EC-4854-8593-CFFAB4503ED8}.Debug|Any CPU.ActiveCfg = Debug|Any CPU
		{0A6C54FD-F4EC-4854-8593-CFFAB4503ED8}.Debug|Any CPU.Build.0 = Debug|Any CPU
		{0A6C54FD-F4EC-4854-8593-CFFAB4503ED8}.Release|Any CPU.ActiveCfg = Release|Any CPU
		{0A6C54FD-F4EC-4854-8593-CFFAB4503ED8}.Release|Any CPU.Build.0 = Release|Any CPU
		{0A6C54FD-F4EC-4854-8593-CFFAB4503ED8}.Debug|iPhoneSimulator.ActiveCfg = Debug|Any CPU
		{0A6C54FD-F4EC-4854-8593-CFFAB4503ED8}.Debug|iPhoneSimulator.Build.0 = Debug|Any CPU
		{0A6C54FD-F4EC-4854-8593-CFFAB4503ED8}.Release|iPhoneSimulator.ActiveCfg = Release|Any CPU
		{0A6C54FD-F4EC-4854-8593-CFFAB4503ED8}.Release|iPhoneSimulator.Build.0 = Release|Any CPU
		{0A6C54FD-F4EC-4854-8593-CFFAB4503ED8}.Debug|iPhone.ActiveCfg = Debug|Any CPU
		{0A6C54FD-F4EC-4854-8593-CFFAB4503ED8}.Debug|iPhone.Build.0 = Debug|Any CPU
		{0A6C54FD-F4EC-4854-8593-CFFAB4503ED8}.Release|iPhone.ActiveCfg = Release|Any CPU
		{0A6C54FD-F4EC-4854-8593-CFFAB4503ED8}.Release|iPhone.Build.0 = Release|Any CPU
		{0A6C54FD-F4EC-4854-8593-CFFAB4503ED8}.Ad-Hoc|iPhone.ActiveCfg = Debug|Any CPU
		{0A6C54FD-F4EC-4854-8593-CFFAB4503ED8}.Ad-Hoc|iPhone.Build.0 = Debug|Any CPU
		{0A6C54FD-F4EC-4854-8593-CFFAB4503ED8}.AppStore|iPhone.ActiveCfg = Debug|Any CPU
		{0A6C54FD-F4EC-4854-8593-CFFAB4503ED8}.AppStore|iPhone.Build.0 = Debug|Any CPU
		{0526B0C2-CFCB-493E-B0E4-D0B9950042F2}.Debug|Any CPU.ActiveCfg = Debug|iPhoneSimulator
		{0526B0C2-CFCB-493E-B0E4-D0B9950042F2}.Debug|Any CPU.Build.0 = Debug|iPhoneSimulator
		{0526B0C2-CFCB-493E-B0E4-D0B9950042F2}.Release|Any CPU.ActiveCfg = Release|iPhoneSimulator
		{0526B0C2-CFCB-493E-B0E4-D0B9950042F2}.Release|Any CPU.Build.0 = Release|iPhoneSimulator
		{0526B0C2-CFCB-493E-B0E4-D0B9950042F2}.Debug|iPhoneSimulator.ActiveCfg = Debug|iPhoneSimulator
		{0526B0C2-CFCB-493E-B0E4-D0B9950042F2}.Debug|iPhoneSimulator.Build.0 = Debug|iPhoneSimulator
		{0526B0C2-CFCB-493E-B0E4-D0B9950042F2}.Release|iPhoneSimulator.ActiveCfg = Release|iPhoneSimulator
		{0526B0C2-CFCB-493E-B0E4-D0B9950042F2}.Release|iPhoneSimulator.Build.0 = Release|iPhoneSimulator
		{0526B0C2-CFCB-493E-B0E4-D0B9950042F2}.Debug|iPhone.ActiveCfg = Debug|iPhone
		{0526B0C2-CFCB-493E-B0E4-D0B9950042F2}.Debug|iPhone.Build.0 = Debug|iPhone
		{0526B0C2-CFCB-493E-B0E4-D0B9950042F2}.Release|iPhone.ActiveCfg = Release|iPhone
		{0526B0C2-CFCB-493E-B0E4-D0B9950042F2}.Release|iPhone.Build.0 = Release|iPhone
		{0526B0C2-CFCB-493E-B0E4-D0B9950042F2}.Ad-Hoc|iPhone.ActiveCfg = Ad-Hoc|iPhone
		{0526B0C2-CFCB-493E-B0E4-D0B9950042F2}.Ad-Hoc|iPhone.Build.0 = Ad-Hoc|iPhone
		{0526B0C2-CFCB-493E-B0E4-D0B9950042F2}.AppStore|iPhone.ActiveCfg = AppStore|iPhone
		{0526B0C2-CFCB-493E-B0E4-D0B9950042F2}.AppStore|iPhone.Build.0 = AppStore|iPhone
		{B19C892E-2628-4CA7-AD27-08D406A3B14B}.Debug|Any CPU.ActiveCfg = Debug|Any CPU
		{B19C892E-2628-4CA7-AD27-08D406A3B14B}.Debug|Any CPU.Build.0 = Debug|Any CPU
		{B19C892E-2628-4CA7-AD27-08D406A3B14B}.Release|Any CPU.ActiveCfg = Release|Any CPU
		{B19C892E-2628-4CA7-AD27-08D406A3B14B}.Release|Any CPU.Build.0 = Release|Any CPU
		{B19C892E-2628-4CA7-AD27-08D406A3B14B}.Debug|iPhoneSimulator.ActiveCfg = Debug|Any CPU
		{B19C892E-2628-4CA7-AD27-08D406A3B14B}.Debug|iPhoneSimulator.Build.0 = Debug|Any CPU
		{B19C892E-2628-4CA7-AD27-08D406A3B14B}.Release|iPhoneSimulator.ActiveCfg = Release|Any CPU
		{B19C892E-2628-4CA7-AD27-08D406A3B14B}.Release|iPhoneSimulator.Build.0 = Release|Any CPU
		{B19C892E-2628-4CA7-AD27-08D406A3B14B}.Debug|iPhone.ActiveCfg = Debug|Any CPU
		{B19C892E-2628-4CA7-AD27-08D406A3B14B}.Debug|iPhone.Build.0 = Debug|Any CPU
		{B19C892E-2628-4CA7-AD27-08D406A3B14B}.Release|iPhone.ActiveCfg = Release|Any CPU
		{B19C892E-2628-4CA7-AD27-08D406A3B14B}.Release|iPhone.Build.0 = Release|Any CPU
		{B19C892E-2628-4CA7-AD27-08D406A3B14B}.Ad-Hoc|iPhone.ActiveCfg = Debug|Any CPU
		{B19C892E-2628-4CA7-AD27-08D406A3B14B}.Ad-Hoc|iPhone.Build.0 = Debug|Any CPU
		{B19C892E-2628-4CA7-AD27-08D406A3B14B}.AppStore|iPhone.ActiveCfg = Debug|Any CPU
		{B19C892E-2628-4CA7-AD27-08D406A3B14B}.AppStore|iPhone.Build.0 = Debug|Any CPU
		{B88B5FFE-68BF-4395-AA88-37335DBF5084}.Debug|Any CPU.ActiveCfg = Debug|Any CPU
		{B88B5FFE-68BF-4395-AA88-37335DBF5084}.Debug|Any CPU.Build.0 = Debug|Any CPU
		{B88B5FFE-68BF-4395-AA88-37335DBF5084}.Release|Any CPU.ActiveCfg = Release|Any CPU
		{B88B5FFE-68BF-4395-AA88-37335DBF5084}.Release|Any CPU.Build.0 = Release|Any CPU
		{B88B5FFE-68BF-4395-AA88-37335DBF5084}.Debug|iPhoneSimulator.ActiveCfg = Debug|Any CPU
		{B88B5FFE-68BF-4395-AA88-37335DBF5084}.Debug|iPhoneSimulator.Build.0 = Debug|Any CPU
		{B88B5FFE-68BF-4395-AA88-37335DBF5084}.Release|iPhoneSimulator.ActiveCfg = Release|Any CPU
		{B88B5FFE-68BF-4395-AA88-37335DBF5084}.Release|iPhoneSimulator.Build.0 = Release|Any CPU
		{B88B5FFE-68BF-4395-AA88-37335DBF5084}.Debug|iPhone.ActiveCfg = Debug|Any CPU
		{B88B5FFE-68BF-4395-AA88-37335DBF5084}.Debug|iPhone.Build.0 = Debug|Any CPU
		{B88B5FFE-68BF-4395-AA88-37335DBF5084}.Release|iPhone.ActiveCfg = Release|Any CPU
		{B88B5FFE-68BF-4395-AA88-37335DBF5084}.Release|iPhone.Build.0 = Release|Any CPU
		{B88B5FFE-68BF-4395-AA88-37335DBF5084}.Ad-Hoc|iPhone.ActiveCfg = Debug|Any CPU
		{B88B5FFE-68BF-4395-AA88-37335DBF5084}.Ad-Hoc|iPhone.Build.0 = Debug|Any CPU
		{B88B5FFE-68BF-4395-AA88-37335DBF5084}.AppStore|iPhone.ActiveCfg = Debug|Any CPU
		{B88B5FFE-68BF-4395-AA88-37335DBF5084}.AppStore|iPhone.Build.0 = Debug|Any CPU
	EndGlobalSection
EndGlobal
